
Microsoft Visual Studio Solution File, Format Version 12.00
# Visual Studio Version 17
VisualStudioVersion = 17.2.32519.379
MinimumVisualStudioVersion = 10.0.40219.1
Project("{FAE04EC0-301F-11D3-BF4B-00C04F79EFBC}") = "Onion.Web", "Onion.Web\Onion.Web.csproj", "{180B532A-B2F7-4FE5-B0C5-E5E025003D65}"
	ProjectSection(ProjectDependencies) = postProject
		{88773DA4-932C-46CE-A7BD-4E4EF0FF5C18} = {88773DA4-932C-46CE-A7BD-4E4EF0FF5C18}
		{FAB8CA83-5FA3-4E9E-8665-5E54C606F299} = {FAB8CA83-5FA3-4E9E-8665-5E54C606F299}
	EndProjectSection
EndProject
Project("{FAE04EC0-301F-11D3-BF4B-00C04F79EFBC}") = "Onion.Core", "Onion.Core\Onion.Core.csproj", "{FAB8CA83-5FA3-4E9E-8665-5E54C606F299}"
EndProject
Project("{FAE04EC0-301F-11D3-BF4B-00C04F79EFBC}") = "Onion.Infrastructure", "Onion.Infrastructure\Onion.Infrastructure.csproj", "{88773DA4-932C-46CE-A7BD-4E4EF0FF5C18}"
	ProjectSection(ProjectDependencies) = postProject
		{FAB8CA83-5FA3-4E9E-8665-5E54C606F299} = {FAB8CA83-5FA3-4E9E-8665-5E54C606F299}
	EndProjectSection
EndProject
Global
	GlobalSection(SolutionConfigurationPlatforms) = preSolution
		Debug|Any CPU = Debug|Any CPU
		Release|Any CPU = Release|Any CPU
	EndGlobalSection
	GlobalSection(ProjectConfigurationPlatforms) = postSolution
		{180B532A-B2F7-4FE5-B0C5-E5E025003D65}.Debug|Any CPU.ActiveCfg = Debug|Any CPU
		{180B532A-B2F7-4FE5-B0C5-E5E025003D65}.Debug|Any CPU.Build.0 = Debug|Any CPU
		{180B532A-B2F7-4FE5-B0C5-E5E025003D65}.Release|Any CPU.ActiveCfg = Release|Any CPU
		{180B532A-B2F7-4FE5-B0C5-E5E025003D65}.Release|Any CPU.Build.0 = Release|Any CPU
		{FAB8CA83-5FA3-4E9E-8665-5E54C606F299}.Debug|Any CPU.ActiveCfg = Debug|Any CPU
		{FAB8CA83-5FA3-4E9E-8665-5E54C606F299}.Debug|Any CPU.Build.0 = Debug|Any CPU
		{FAB8CA83-5FA3-4E9E-8665-5E54C606F299}.Release|Any CPU.ActiveCfg = Release|Any CPU
		{FAB8CA83-5FA3-4E9E-8665-5E54C606F299}.Release|Any CPU.Build.0 = Release|Any CPU
		{88773DA4-932C-46CE-A7BD-4E4EF0FF5C18}.Debug|Any CPU.ActiveCfg = Debug|Any CPU
		{88773DA4-932C-46CE-A7BD-4E4EF0FF5C18}.Debug|Any CPU.Build.0 = Debug|Any CPU
		{88773DA4-932C-46CE-A7BD-4E4EF0FF5C18}.Release|Any CPU.ActiveCfg = Release|Any CPU
		{88773DA4-932C-46CE-A7BD-4E4EF0FF5C18}.Release|Any CPU.Build.0 = Release|Any CPU
	EndGlobalSection
	GlobalSection(SolutionProperties) = preSolution
		HideSolutionNode = FALSE
	EndGlobalSection
	GlobalSection(ExtensibilityGlobals) = postSolution
		SolutionGuid = {24388E68-EC07-4FB2-892A-3AB0B16CC7AB}
	EndGlobalSection
EndGlobal
